
Microsoft Visual Studio Solution File, Format Version 12.00
# Visual Studio Version 16
VisualStudioVersion = 16.0.31829.152
MinimumVisualStudioVersion = 10.0.40219.1
Project("{FAE04EC0-301F-11D3-BF4B-00C04F79EFBC}") = "Proyecto_Ventas.Android", "Proyecto_Ventas\Proyecto_Ventas.Android\Proyecto_Ventas.Android.csproj", "{3F31F957-D626-44DD-A099-607AE77C3DE0}"
EndProject
Project("{FAE04EC0-301F-11D3-BF4B-00C04F79EFBC}") = "Proyecto_Ventas.iOS", "Proyecto_Ventas\Proyecto_Ventas.iOS\Proyecto_Ventas.iOS.csproj", "{2DEF4FCF-CD08-42E2-AA2C-F547923F2BE3}"
EndProject
Project("{FAE04EC0-301F-11D3-BF4B-00C04F79EFBC}") = "Proyecto_Ventas", "Proyecto_Ventas\Proyecto_Ventas\Proyecto_Ventas.csproj", "{59501C64-E063-4D3E-9088-BC437AA3A54D}"
EndProject
Global
	GlobalSection(SolutionConfigurationPlatforms) = preSolution
		Debug|Any CPU = Debug|Any CPU
		Debug|iPhone = Debug|iPhone
		Debug|iPhoneSimulator = Debug|iPhoneSimulator
		Release|Any CPU = Release|Any CPU
		Release|iPhone = Release|iPhone
		Release|iPhoneSimulator = Release|iPhoneSimulator
	EndGlobalSection
	GlobalSection(ProjectConfigurationPlatforms) = postSolution
		{3F31F957-D626-44DD-A099-607AE77C3DE0}.Debug|Any CPU.ActiveCfg = Debug|Any CPU
		{3F31F957-D626-44DD-A099-607AE77C3DE0}.Debug|Any CPU.Build.0 = Debug|Any CPU
		{3F31F957-D626-44DD-A099-607AE77C3DE0}.Debug|Any CPU.Deploy.0 = Debug|Any CPU
		{3F31F957-D626-44DD-A099-607AE77C3DE0}.Debug|iPhone.ActiveCfg = Debug|Any CPU
		{3F31F957-D626-44DD-A099-607AE77C3DE0}.Debug|iPhone.Build.0 = Debug|Any CPU
		{3F31F957-D626-44DD-A099-607AE77C3DE0}.Debug|iPhone.Deploy.0 = Debug|Any CPU
		{3F31F957-D626-44DD-A099-607AE77C3DE0}.Debug|iPhoneSimulator.ActiveCfg = Debug|Any CPU
		{3F31F957-D626-44DD-A099-607AE77C3DE0}.Debug|iPhoneSimulator.Build.0 = Debug|Any CPU
		{3F31F957-D626-44DD-A099-607AE77C3DE0}.Debug|iPhoneSimulator.Deploy.0 = Debug|Any CPU
		{3F31F957-D626-44DD-A099-607AE77C3DE0}.Release|Any CPU.ActiveCfg = Release|Any CPU
		{3F31F957-D626-44DD-A099-607AE77C3DE0}.Release|Any CPU.Build.0 = Release|Any CPU
		{3F31F957-D626-44DD-A099-607AE77C3DE0}.Release|Any CPU.Deploy.0 = Release|Any CPU
		{3F31F957-D626-44DD-A099-607AE77C3DE0}.Release|iPhone.ActiveCfg = Release|Any CPU
		{3F31F957-D626-44DD-A099-607AE77C3DE0}.Release|iPhone.Build.0 = Release|Any CPU
		{3F31F957-D626-44DD-A099-607AE77C3DE0}.Release|iPhone.Deploy.0 = Release|Any CPU
		{3F31F957-D626-44DD-A099-607AE77C3DE0}.Release|iPhoneSimulator.ActiveCfg = Release|Any CPU
		{3F31F957-D626-44DD-A099-607AE77C3DE0}.Release|iPhoneSimulator.Build.0 = Release|Any CPU
		{3F31F957-D626-44DD-A099-607AE77C3DE0}.Release|iPhoneSimulator.Deploy.0 = Release|Any CPU
		{2DEF4FCF-CD08-42E2-AA2C-F547923F2BE3}.Debug|Any CPU.ActiveCfg = Debug|iPhone
		{2DEF4FCF-CD08-42E2-AA2C-F547923F2BE3}.Debug|Any CPU.Build.0 = Debug|iPhone
		{2DEF4FCF-CD08-42E2-AA2C-F547923F2BE3}.Debug|Any CPU.Deploy.0 = Debug|iPhone
		{2DEF4FCF-CD08-42E2-AA2C-F547923F2BE3}.Debug|iPhone.ActiveCfg = Debug|iPhone
		{2DEF4FCF-CD08-42E2-AA2C-F547923F2BE3}.Debug|iPhone.Build.0 = Debug|iPhone
		{2DEF4FCF-CD08-42E2-AA2C-F547923F2BE3}.Debug|iPhone.Deploy.0 = Debug|iPhone
		{2DEF4FCF-CD08-42E2-AA2C-F547923F2BE3}.Debug|iPhoneSimulator.ActiveCfg = Debug|iPhoneSimulator
		{2DEF4FCF-CD08-42E2-AA2C-F547923F2BE3}.Debug|iPhoneSimulator.Build.0 = Debug|iPhoneSimulator
		{2DEF4FCF-CD08-42E2-AA2C-F547923F2BE3}.Debug|iPhoneSimulator.Deploy.0 = Debug|iPhoneSimulator
		{2DEF4FCF-CD08-42E2-AA2C-F547923F2BE3}.Release|Any CPU.ActiveCfg = Release|iPhoneSimulator
		{2DEF4FCF-CD08-42E2-AA2C-F547923F2BE3}.Release|Any CPU.Build.0 = Release|iPhoneSimulator
		{2DEF4FCF-CD08-42E2-AA2C-F547923F2BE3}.Release|Any CPU.Deploy.0 = Release|iPhoneSimulator
		{2DEF4FCF-CD08-42E2-AA2C-F547923F2BE3}.Release|iPhone.ActiveCfg = Release|iPhone
		{2DEF4FCF-CD08-42E2-AA2C-F547923F2BE3}.Release|iPhone.Build.0 = Release|iPhone
		{2DEF4FCF-CD08-42E2-AA2C-F547923F2BE3}.Release|iPhone.Deploy.0 = Release|iPhone
		{2DEF4FCF-CD08-42E2-AA2C-F547923F2BE3}.Release|iPhoneSimulator.ActiveCfg = Release|iPhoneSimulator
		{2DEF4FCF-CD08-42E2-AA2C-F547923F2BE3}.Release|iPhoneSimulator.Build.0 = Release|iPhoneSimulator
		{2DEF4FCF-CD08-42E2-AA2C-F547923F2BE3}.Release|iPhoneSimulator.Deploy.0 = Release|iPhoneSimulator
		{59501C64-E063-4D3E-9088-BC437AA3A54D}.Debug|Any CPU.ActiveCfg = Debug|Any CPU
		{59501C64-E063-4D3E-9088-BC437AA3A54D}.Debug|Any CPU.Build.0 = Debug|Any CPU
		{59501C64-E063-4D3E-9088-BC437AA3A54D}.Debug|Any CPU.Deploy.0 = Debug|Any CPU
		{59501C64-E063-4D3E-9088-BC437AA3A54D}.Debug|iPhone.ActiveCfg = Debug|Any CPU
		{59501C64-E063-4D3E-9088-BC437AA3A54D}.Debug|iPhone.Build.0 = Debug|Any CPU
		{59501C64-E063-4D3E-9088-BC437AA3A54D}.Debug|iPhone.Deploy.0 = Debug|Any CPU
		{59501C64-E063-4D3E-9088-BC437AA3A54D}.Debug|iPhoneSimulator.ActiveCfg = Debug|Any CPU
		{59501C64-E063-4D3E-9088-BC437AA3A54D}.Debug|iPhoneSimulator.Build.0 = Debug|Any CPU
		{59501C64-E063-4D3E-9088-BC437AA3A54D}.Debug|iPhoneSimulator.Deploy.0 = Debug|Any CPU
		{59501C64-E063-4D3E-9088-BC437AA3A54D}.Release|Any CPU.ActiveCfg = Release|Any CPU
		{59501C64-E063-4D3E-9088-BC437AA3A54D}.Release|Any CPU.Build.0 = Release|Any CPU
		{59501C64-E063-4D3E-9088-BC437AA3A54D}.Release|Any CPU.Deploy.0 = Release|Any CPU
		{59501C64-E063-4D3E-9088-BC437AA3A54D}.Release|iPhone.ActiveCfg = Release|Any CPU
		{59501C64-E063-4D3E-9088-BC437AA3A54D}.Release|iPhone.Build.0 = Release|Any CPU
		{59501C64-E063-4D3E-9088-BC437AA3A54D}.Release|iPhone.Deploy.0 = Release|Any CPU
		{59501C64-E063-4D3E-9088-BC437AA3A54D}.Release|iPhoneSimulator.ActiveCfg = Release|Any CPU
		{59501C64-E063-4D3E-9088-BC437AA3A54D}.Release|iPhoneSimulator.Build.0 = Release|Any CPU
		{59501C64-E063-4D3E-9088-BC437AA3A54D}.Release|iPhoneSimulator.Deploy.0 = Release|Any CPU
	EndGlobalSection
	GlobalSection(SolutionProperties) = preSolution
		HideSolutionNode = FALSE
	EndGlobalSection
	GlobalSection(ExtensibilityGlobals) = postSolution
		SolutionGuid = {13600CA9-7412-4B7F-9DD1-7B8D77733C87}
	EndGlobalSection
EndGlobal
